
Microsoft Visual Studio Solution File, Format Version 12.00
# Visual Studio 15
VisualStudioVersion = 15.0.26430.13
MinimumVisualStudioVersion = 10.0.40219.1
Project("{FAE04EC0-301F-11D3-BF4B-00C04F79EFBC}") = "OffBloom.Client.Android", "OffBloom.Client\OffBloom.Client.Android\OffBloom.Client.Android.csproj", "{167D9AD1-A8BA-4BAE-8F30-FC67DB315795}"
EndProject
Project("{FAE04EC0-301F-11D3-BF4B-00C04F79EFBC}") = "OffBloom.Client", "OffBloom.Client\OffBloom.Client\OffBloom.Client.csproj", "{FDCDEA7E-2A38-47E0-BC24-2C24EFC2A185}"
EndProject
Project("{FAE04EC0-301F-11D3-BF4B-00C04F79EFBC}") = "OffBloom.Client.UWP", "OffBloom.Client\OffBloom.Client.UWP\OffBloom.Client.UWP.csproj", "{1E6BADF8-FA39-47FD-852B-D73B66953462}"
EndProject
Project("{FAE04EC0-301F-11D3-BF4B-00C04F79EFBC}") = "OffBloom.Client.iOS", "OffBloom.Client\OffBloom.Client.iOS\OffBloom.Client.iOS.csproj", "{F8C632ED-4A72-44B4-9C5A-FC0514F90F3E}"
EndProject
Project("{2150E333-8FDC-42A3-9474-1A3956D46DE8}") = "Clients", "Clients", "{8CB78AA4-FE23-42D6-A812-28010AE7CDE2}"
EndProject
Global
	GlobalSection(SolutionConfigurationPlatforms) = preSolution
		Ad-Hoc|Any CPU = Ad-Hoc|Any CPU
		Ad-Hoc|ARM = Ad-Hoc|ARM
		Ad-Hoc|iPhone = Ad-Hoc|iPhone
		Ad-Hoc|iPhoneSimulator = Ad-Hoc|iPhoneSimulator
		Ad-Hoc|x64 = Ad-Hoc|x64
		Ad-Hoc|x86 = Ad-Hoc|x86
		AppStore|Any CPU = AppStore|Any CPU
		AppStore|ARM = AppStore|ARM
		AppStore|iPhone = AppStore|iPhone
		AppStore|iPhoneSimulator = AppStore|iPhoneSimulator
		AppStore|x64 = AppStore|x64
		AppStore|x86 = AppStore|x86
		Debug|Any CPU = Debug|Any CPU
		Debug|ARM = Debug|ARM
		Debug|iPhone = Debug|iPhone
		Debug|iPhoneSimulator = Debug|iPhoneSimulator
		Debug|x64 = Debug|x64
		Debug|x86 = Debug|x86
		Release|Any CPU = Release|Any CPU
		Release|ARM = Release|ARM
		Release|iPhone = Release|iPhone
		Release|iPhoneSimulator = Release|iPhoneSimulator
		Release|x64 = Release|x64
		Release|x86 = Release|x86
	EndGlobalSection
	GlobalSection(ProjectConfigurationPlatforms) = postSolution
		{167D9AD1-A8BA-4BAE-8F30-FC67DB315795}.Ad-Hoc|Any CPU.ActiveCfg = Release|Any CPU
		{167D9AD1-A8BA-4BAE-8F30-FC67DB315795}.Ad-Hoc|Any CPU.Build.0 = Release|Any CPU
		{167D9AD1-A8BA-4BAE-8F30-FC67DB315795}.Ad-Hoc|Any CPU.Deploy.0 = Release|Any CPU
		{167D9AD1-A8BA-4BAE-8F30-FC67DB315795}.Ad-Hoc|ARM.ActiveCfg = Release|Any CPU
		{167D9AD1-A8BA-4BAE-8F30-FC67DB315795}.Ad-Hoc|ARM.Build.0 = Release|Any CPU
		{167D9AD1-A8BA-4BAE-8F30-FC67DB315795}.Ad-Hoc|ARM.Deploy.0 = Release|Any CPU
		{167D9AD1-A8BA-4BAE-8F30-FC67DB315795}.Ad-Hoc|iPhone.ActiveCfg = Release|Any CPU
		{167D9AD1-A8BA-4BAE-8F30-FC67DB315795}.Ad-Hoc|iPhone.Build.0 = Release|Any CPU
		{167D9AD1-A8BA-4BAE-8F30-FC67DB315795}.Ad-Hoc|iPhone.Deploy.0 = Release|Any CPU
		{167D9AD1-A8BA-4BAE-8F30-FC67DB315795}.Ad-Hoc|iPhoneSimulator.ActiveCfg = Release|Any CPU
		{167D9AD1-A8BA-4BAE-8F30-FC67DB315795}.Ad-Hoc|iPhoneSimulator.Build.0 = Release|Any CPU
		{167D9AD1-A8BA-4BAE-8F30-FC67DB315795}.Ad-Hoc|iPhoneSimulator.Deploy.0 = Release|Any CPU
		{167D9AD1-A8BA-4BAE-8F30-FC67DB315795}.Ad-Hoc|x64.ActiveCfg = Release|Any CPU
		{167D9AD1-A8BA-4BAE-8F30-FC67DB315795}.Ad-Hoc|x64.Build.0 = Release|Any CPU
		{167D9AD1-A8BA-4BAE-8F30-FC67DB315795}.Ad-Hoc|x64.Deploy.0 = Release|Any CPU
		{167D9AD1-A8BA-4BAE-8F30-FC67DB315795}.Ad-Hoc|x86.ActiveCfg = Release|Any CPU
		{167D9AD1-A8BA-4BAE-8F30-FC67DB315795}.Ad-Hoc|x86.Build.0 = Release|Any CPU
		{167D9AD1-A8BA-4BAE-8F30-FC67DB315795}.Ad-Hoc|x86.Deploy.0 = Release|Any CPU
		{167D9AD1-A8BA-4BAE-8F30-FC67DB315795}.AppStore|Any CPU.ActiveCfg = Release|Any CPU
		{167D9AD1-A8BA-4BAE-8F30-FC67DB315795}.AppStore|Any CPU.Build.0 = Release|Any CPU
		{167D9AD1-A8BA-4BAE-8F30-FC67DB315795}.AppStore|Any CPU.Deploy.0 = Release|Any CPU
		{167D9AD1-A8BA-4BAE-8F30-FC67DB315795}.AppStore|ARM.ActiveCfg = Release|Any CPU
		{167D9AD1-A8BA-4BAE-8F30-FC67DB315795}.AppStore|ARM.Build.0 = Release|Any CPU
		{167D9AD1-A8BA-4BAE-8F30-FC67DB315795}.AppStore|ARM.Deploy.0 = Release|Any CPU
		{167D9AD1-A8BA-4BAE-8F30-FC67DB315795}.AppStore|iPhone.ActiveCfg = Release|Any CPU
		{167D9AD1-A8BA-4BAE-8F30-FC67DB315795}.AppStore|iPhone.Build.0 = Release|Any CPU
		{167D9AD1-A8BA-4BAE-8F30-FC67DB315795}.AppStore|iPhone.Deploy.0 = Release|Any CPU
		{167D9AD1-A8BA-4BAE-8F30-FC67DB315795}.AppStore|iPhoneSimulator.ActiveCfg = Release|Any CPU
		{167D9AD1-A8BA-4BAE-8F30-FC67DB315795}.AppStore|iPhoneSimulator.Build.0 = Release|Any CPU
		{167D9AD1-A8BA-4BAE-8F30-FC67DB315795}.AppStore|iPhoneSimulator.Deploy.0 = Release|Any CPU
		{167D9AD1-A8BA-4BAE-8F30-FC67DB315795}.AppStore|x64.ActiveCfg = Release|Any CPU
		{167D9AD1-A8BA-4BAE-8F30-FC67DB315795}.AppStore|x64.Build.0 = Release|Any CPU
		{167D9AD1-A8BA-4BAE-8F30-FC67DB315795}.AppStore|x64.Deploy.0 = Release|Any CPU
		{167D9AD1-A8BA-4BAE-8F30-FC67DB315795}.AppStore|x86.ActiveCfg = Release|Any CPU
		{167D9AD1-A8BA-4BAE-8F30-FC67DB315795}.AppStore|x86.Build.0 = Release|Any CPU
		{167D9AD1-A8BA-4BAE-8F30-FC67DB315795}.AppStore|x86.Deploy.0 = Release|Any CPU
		{167D9AD1-A8BA-4BAE-8F30-FC67DB315795}.Debug|Any CPU.ActiveCfg = Debug|Any CPU
		{167D9AD1-A8BA-4BAE-8F30-FC67DB315795}.Debug|Any CPU.Build.0 = Debug|Any CPU
		{167D9AD1-A8BA-4BAE-8F30-FC67DB315795}.Debug|Any CPU.Deploy.0 = Debug|Any CPU
		{167D9AD1-A8BA-4BAE-8F30-FC67DB315795}.Debug|ARM.ActiveCfg = Debug|Any CPU
		{167D9AD1-A8BA-4BAE-8F30-FC67DB315795}.Debug|ARM.Build.0 = Debug|Any CPU
		{167D9AD1-A8BA-4BAE-8F30-FC67DB315795}.Debug|ARM.Deploy.0 = Debug|Any CPU
		{167D9AD1-A8BA-4BAE-8F30-FC67DB315795}.Debug|iPhone.ActiveCfg = Debug|Any CPU
		{167D9AD1-A8BA-4BAE-8F30-FC67DB315795}.Debug|iPhone.Build.0 = Debug|Any CPU
		{167D9AD1-A8BA-4BAE-8F30-FC67DB315795}.Debug|iPhone.Deploy.0 = Debug|Any CPU
		{167D9AD1-A8BA-4BAE-8F30-FC67DB315795}.Debug|iPhoneSimulator.ActiveCfg = Debug|Any CPU
		{167D9AD1-A8BA-4BAE-8F30-FC67DB315795}.Debug|iPhoneSimulator.Build.0 = Debug|Any CPU
		{167D9AD1-A8BA-4BAE-8F30-FC67DB315795}.Debug|iPhoneSimulator.Deploy.0 = Debug|Any CPU
		{167D9AD1-A8BA-4BAE-8F30-FC67DB315795}.Debug|x64.ActiveCfg = Debug|Any CPU
		{167D9AD1-A8BA-4BAE-8F30-FC67DB315795}.Debug|x64.Build.0 = Debug|Any CPU
		{167D9AD1-A8BA-4BAE-8F30-FC67DB315795}.Debug|x64.Deploy.0 = Debug|Any CPU
		{167D9AD1-A8BA-4BAE-8F30-FC67DB315795}.Debug|x86.ActiveCfg = Debug|Any CPU
		{167D9AD1-A8BA-4BAE-8F30-FC67DB315795}.Debug|x86.Build.0 = Debug|Any CPU
		{167D9AD1-A8BA-4BAE-8F30-FC67DB315795}.Debug|x86.Deploy.0 = Debug|Any CPU
		{167D9AD1-A8BA-4BAE-8F30-FC67DB315795}.Release|Any CPU.ActiveCfg = Release|Any CPU
		{167D9AD1-A8BA-4BAE-8F30-FC67DB315795}.Release|Any CPU.Build.0 = Release|Any CPU
		{167D9AD1-A8BA-4BAE-8F30-FC67DB315795}.Release|Any CPU.Deploy.0 = Release|Any CPU
		{167D9AD1-A8BA-4BAE-8F30-FC67DB315795}.Release|ARM.ActiveCfg = Release|Any CPU
		{167D9AD1-A8BA-4BAE-8F30-FC67DB315795}.Release|ARM.Build.0 = Release|Any CPU
		{167D9AD1-A8BA-4BAE-8F30-FC67DB315795}.Release|ARM.Deploy.0 = Release|Any CPU
		{167D9AD1-A8BA-4BAE-8F30-FC67DB315795}.Release|iPhone.ActiveCfg = Release|Any CPU
		{167D9AD1-A8BA-4BAE-8F30-FC67DB315795}.Release|iPhone.Build.0 = Release|Any CPU
		{167D9AD1-A8BA-4BAE-8F30-FC67DB315795}.Release|iPhone.Deploy.0 = Release|Any CPU
		{167D9AD1-A8BA-4BAE-8F30-FC67DB315795}.Release|iPhoneSimulator.ActiveCfg = Release|Any CPU
		{167D9AD1-A8BA-4BAE-8F30-FC67DB315795}.Release|iPhoneSimulator.Build.0 = Release|Any CPU
		{167D9AD1-A8BA-4BAE-8F30-FC67DB315795}.Release|iPhoneSimulator.Deploy.0 = Release|Any CPU
		{167D9AD1-A8BA-4BAE-8F30-FC67DB315795}.Release|x64.ActiveCfg = Release|Any CPU
		{167D9AD1-A8BA-4BAE-8F30-FC67DB315795}.Release|x64.Build.0 = Release|Any CPU
		{167D9AD1-A8BA-4BAE-8F30-FC67DB315795}.Release|x64.Deploy.0 = Release|Any CPU
		{167D9AD1-A8BA-4BAE-8F30-FC67DB315795}.Release|x86.ActiveCfg = Release|Any CPU
		{167D9AD1-A8BA-4BAE-8F30-FC67DB315795}.Release|x86.Build.0 = Release|Any CPU
		{167D9AD1-A8BA-4BAE-8F30-FC67DB315795}.Release|x86.Deploy.0 = Release|Any CPU
		{FDCDEA7E-2A38-47E0-BC24-2C24EFC2A185}.Ad-Hoc|Any CPU.ActiveCfg = Release|Any CPU
		{FDCDEA7E-2A38-47E0-BC24-2C24EFC2A185}.Ad-Hoc|Any CPU.Build.0 = Release|Any CPU
		{FDCDEA7E-2A38-47E0-BC24-2C24EFC2A185}.Ad-Hoc|ARM.ActiveCfg = Release|Any CPU
		{FDCDEA7E-2A38-47E0-BC24-2C24EFC2A185}.Ad-Hoc|ARM.Build.0 = Release|Any CPU
		{FDCDEA7E-2A38-47E0-BC24-2C24EFC2A185}.Ad-Hoc|iPhone.ActiveCfg = Release|Any CPU
		{FDCDEA7E-2A38-47E0-BC24-2C24EFC2A185}.Ad-Hoc|iPhone.Build.0 = Release|Any CPU
		{FDCDEA7E-2A38-47E0-BC24-2C24EFC2A185}.Ad-Hoc|iPhoneSimulator.ActiveCfg = Release|Any CPU
		{FDCDEA7E-2A38-47E0-BC24-2C24EFC2A185}.Ad-Hoc|iPhoneSimulator.Build.0 = Release|Any CPU
		{FDCDEA7E-2A38-47E0-BC24-2C24EFC2A185}.Ad-Hoc|x64.ActiveCfg = Release|Any CPU
		{FDCDEA7E-2A38-47E0-BC24-2C24EFC2A185}.Ad-Hoc|x64.Build.0 = Release|Any CPU
		{FDCDEA7E-2A38-47E0-BC24-2C24EFC2A185}.Ad-Hoc|x86.ActiveCfg = Release|Any CPU
		{FDCDEA7E-2A38-47E0-BC24-2C24EFC2A185}.Ad-Hoc|x86.Build.0 = Release|Any CPU
		{FDCDEA7E-2A38-47E0-BC24-2C24EFC2A185}.AppStore|Any CPU.ActiveCfg = Release|Any CPU
		{FDCDEA7E-2A38-47E0-BC24-2C24EFC2A185}.AppStore|Any CPU.Build.0 = Release|Any CPU
		{FDCDEA7E-2A38-47E0-BC24-2C24EFC2A185}.AppStore|ARM.ActiveCfg = Release|Any CPU
		{FDCDEA7E-2A38-47E0-BC24-2C24EFC2A185}.AppStore|ARM.Build.0 = Release|Any CPU
		{FDCDEA7E-2A38-47E0-BC24-2C24EFC2A185}.AppStore|iPhone.ActiveCfg = Release|Any CPU
		{FDCDEA7E-2A38-47E0-BC24-2C24EFC2A185}.AppStore|iPhone.Build.0 = Release|Any CPU
		{FDCDEA7E-2A38-47E0-BC24-2C24EFC2A185}.AppStore|iPhoneSimulator.ActiveCfg = Release|Any CPU
		{FDCDEA7E-2A38-47E0-BC24-2C24EFC2A185}.AppStore|iPhoneSimulator.Build.0 = Release|Any CPU
		{FDCDEA7E-2A38-47E0-BC24-2C24EFC2A185}.AppStore|x64.ActiveCfg = Release|Any CPU
		{FDCDEA7E-2A38-47E0-BC24-2C24EFC2A185}.AppStore|x64.Build.0 = Release|Any CPU
		{FDCDEA7E-2A38-47E0-BC24-2C24EFC2A185}.AppStore|x86.ActiveCfg = Release|Any CPU
		{FDCDEA7E-2A38-47E0-BC24-2C24EFC2A185}.AppStore|x86.Build.0 = Release|Any CPU
		{FDCDEA7E-2A38-47E0-BC24-2C24EFC2A185}.Debug|Any CPU.ActiveCfg = Debug|Any CPU
		{FDCDEA7E-2A38-47E0-BC24-2C24EFC2A185}.Debug|Any CPU.Build.0 = Debug|Any CPU
		{FDCDEA7E-2A38-47E0-BC24-2C24EFC2A185}.Debug|ARM.ActiveCfg = Debug|Any CPU
		{FDCDEA7E-2A38-47E0-BC24-2C24EFC2A185}.Debug|ARM.Build.0 = Debug|Any CPU
		{FDCDEA7E-2A38-47E0-BC24-2C24EFC2A185}.Debug|iPhone.ActiveCfg = Debug|Any CPU
		{FDCDEA7E-2A38-47E0-BC24-2C24EFC2A185}.Debug|iPhone.Build.0 = Debug|Any CPU
		{FDCDEA7E-2A38-47E0-BC24-2C24EFC2A185}.Debug|iPhoneSimulator.ActiveCfg = Debug|Any CPU
		{FDCDEA7E-2A38-47E0-BC24-2C24EFC2A185}.Debug|iPhoneSimulator.Build.0 = Debug|Any CPU
		{FDCDEA7E-2A38-47E0-BC24-2C24EFC2A185}.Debug|x64.ActiveCfg = Debug|Any CPU
		{FDCDEA7E-2A38-47E0-BC24-2C24EFC2A185}.Debug|x64.Build.0 = Debug|Any CPU
		{FDCDEA7E-2A38-47E0-BC24-2C24EFC2A185}.Debug|x86.ActiveCfg = Debug|Any CPU
		{FDCDEA7E-2A38-47E0-BC24-2C24EFC2A185}.Debug|x86.Build.0 = Debug|Any CPU
		{FDCDEA7E-2A38-47E0-BC24-2C24EFC2A185}.Release|Any CPU.ActiveCfg = Release|Any CPU
		{FDCDEA7E-2A38-47E0-BC24-2C24EFC2A185}.Release|Any CPU.Build.0 = Release|Any CPU
		{FDCDEA7E-2A38-47E0-BC24-2C24EFC2A185}.Release|ARM.ActiveCfg = Release|Any CPU
		{FDCDEA7E-2A38-47E0-BC24-2C24EFC2A185}.Release|ARM.Build.0 = Release|Any CPU
		{FDCDEA7E-2A38-47E0-BC24-2C24EFC2A185}.Release|iPhone.ActiveCfg = Release|Any CPU
		{FDCDEA7E-2A38-47E0-BC24-2C24EFC2A185}.Release|iPhone.Build.0 = Release|Any CPU
		{FDCDEA7E-2A38-47E0-BC24-2C24EFC2A185}.Release|iPhoneSimulator.ActiveCfg = Release|Any CPU
		{FDCDEA7E-2A38-47E0-BC24-2C24EFC2A185}.Release|iPhoneSimulator.Build.0 = Release|Any CPU
		{FDCDEA7E-2A38-47E0-BC24-2C24EFC2A185}.Release|x64.ActiveCfg = Release|Any CPU
		{FDCDEA7E-2A38-47E0-BC24-2C24EFC2A185}.Release|x64.Build.0 = Release|Any CPU
		{FDCDEA7E-2A38-47E0-BC24-2C24EFC2A185}.Release|x86.ActiveCfg = Release|Any CPU
		{FDCDEA7E-2A38-47E0-BC24-2C24EFC2A185}.Release|x86.Build.0 = Release|Any CPU
		{1E6BADF8-FA39-47FD-852B-D73B66953462}.Ad-Hoc|Any CPU.ActiveCfg = Release|x86
		{1E6BADF8-FA39-47FD-852B-D73B66953462}.Ad-Hoc|Any CPU.Build.0 = Release|x86
		{1E6BADF8-FA39-47FD-852B-D73B66953462}.Ad-Hoc|Any CPU.Deploy.0 = Release|x86
		{1E6BADF8-FA39-47FD-852B-D73B66953462}.Ad-Hoc|ARM.ActiveCfg = Release|ARM
		{1E6BADF8-FA39-47FD-852B-D73B66953462}.Ad-Hoc|ARM.Build.0 = Release|ARM
		{1E6BADF8-FA39-47FD-852B-D73B66953462}.Ad-Hoc|ARM.Deploy.0 = Release|ARM
		{1E6BADF8-FA39-47FD-852B-D73B66953462}.Ad-Hoc|iPhone.ActiveCfg = Release|x86
		{1E6BADF8-FA39-47FD-852B-D73B66953462}.Ad-Hoc|iPhone.Build.0 = Release|x86
		{1E6BADF8-FA39-47FD-852B-D73B66953462}.Ad-Hoc|iPhone.Deploy.0 = Release|x86
		{1E6BADF8-FA39-47FD-852B-D73B66953462}.Ad-Hoc|iPhoneSimulator.ActiveCfg = Release|x86
		{1E6BADF8-FA39-47FD-852B-D73B66953462}.Ad-Hoc|iPhoneSimulator.Build.0 = Release|x86
		{1E6BADF8-FA39-47FD-852B-D73B66953462}.Ad-Hoc|iPhoneSimulator.Deploy.0 = Release|x86
		{1E6BADF8-FA39-47FD-852B-D73B66953462}.Ad-Hoc|x64.ActiveCfg = Release|x64
		{1E6BADF8-FA39-47FD-852B-D73B66953462}.Ad-Hoc|x64.Build.0 = Release|x64
		{1E6BADF8-FA39-47FD-852B-D73B66953462}.Ad-Hoc|x64.Deploy.0 = Release|x64
		{1E6BADF8-FA39-47FD-852B-D73B66953462}.Ad-Hoc|x86.ActiveCfg = Release|x86
		{1E6BADF8-FA39-47FD-852B-D73B66953462}.Ad-Hoc|x86.Build.0 = Release|x86
		{1E6BADF8-FA39-47FD-852B-D73B66953462}.Ad-Hoc|x86.Deploy.0 = Release|x86
		{1E6BADF8-FA39-47FD-852B-D73B66953462}.AppStore|Any CPU.ActiveCfg = Release|x86
		{1E6BADF8-FA39-47FD-852B-D73B66953462}.AppStore|Any CPU.Build.0 = Release|x86
		{1E6BADF8-FA39-47FD-852B-D73B66953462}.AppStore|Any CPU.Deploy.0 = Release|x86
		{1E6BADF8-FA39-47FD-852B-D73B66953462}.AppStore|ARM.ActiveCfg = Release|ARM
		{1E6BADF8-FA39-47FD-852B-D73B66953462}.AppStore|ARM.Build.0 = Release|ARM
		{1E6BADF8-FA39-47FD-852B-D73B66953462}.AppStore|ARM.Deploy.0 = Release|ARM
		{1E6BADF8-FA39-47FD-852B-D73B66953462}.AppStore|iPhone.ActiveCfg = Release|x86
		{1E6BADF8-FA39-47FD-852B-D73B66953462}.AppStore|iPhone.Build.0 = Release|x86
		{1E6BADF8-FA39-47FD-852B-D73B66953462}.AppStore|iPhone.Deploy.0 = Release|x86
		{1E6BADF8-FA39-47FD-852B-D73B66953462}.AppStore|iPhoneSimulator.ActiveCfg = Release|x86
		{1E6BADF8-FA39-47FD-852B-D73B66953462}.AppStore|iPhoneSimulator.Build.0 = Release|x86
		{1E6BADF8-FA39-47FD-852B-D73B66953462}.AppStore|iPhoneSimulator.Deploy.0 = Release|x86
		{1E6BADF8-FA39-47FD-852B-D73B66953462}.AppStore|x64.ActiveCfg = Release|x64
		{1E6BADF8-FA39-47FD-852B-D73B66953462}.AppStore|x64.Build.0 = Release|x64
		{1E6BADF8-FA39-47FD-852B-D73B66953462}.AppStore|x64.Deploy.0 = Release|x64
		{1E6BADF8-FA39-47FD-852B-D73B66953462}.AppStore|x86.ActiveCfg = Release|x86
		{1E6BADF8-FA39-47FD-852B-D73B66953462}.AppStore|x86.Build.0 = Release|x86
		{1E6BADF8-FA39-47FD-852B-D73B66953462}.AppStore|x86.Deploy.0 = Release|x86
		{1E6BADF8-FA39-47FD-852B-D73B66953462}.Debug|Any CPU.ActiveCfg = Debug|x86
		{1E6BADF8-FA39-47FD-852B-D73B66953462}.Debug|Any CPU.Build.0 = Debug|x86
		{1E6BADF8-FA39-47FD-852B-D73B66953462}.Debug|Any CPU.Deploy.0 = Debug|x86
		{1E6BADF8-FA39-47FD-852B-D73B66953462}.Debug|ARM.ActiveCfg = Debug|ARM
		{1E6BADF8-FA39-47FD-852B-D73B66953462}.Debug|ARM.Build.0 = Debug|ARM
		{1E6BADF8-FA39-47FD-852B-D73B66953462}.Debug|ARM.Deploy.0 = Debug|ARM
		{1E6BADF8-FA39-47FD-852B-D73B66953462}.Debug|iPhone.ActiveCfg = Debug|x86
		{1E6BADF8-FA39-47FD-852B-D73B66953462}.Debug|iPhoneSimulator.ActiveCfg = Debug|x86
		{1E6BADF8-FA39-47FD-852B-D73B66953462}.Debug|x64.ActiveCfg = Debug|x64
		{1E6BADF8-FA39-47FD-852B-D73B66953462}.Debug|x64.Build.0 = Debug|x64
		{1E6BADF8-FA39-47FD-852B-D73B66953462}.Debug|x64.Deploy.0 = Debug|x64
		{1E6BADF8-FA39-47FD-852B-D73B66953462}.Debug|x86.ActiveCfg = Debug|x86
		{1E6BADF8-FA39-47FD-852B-D73B66953462}.Debug|x86.Build.0 = Debug|x86
		{1E6BADF8-FA39-47FD-852B-D73B66953462}.Debug|x86.Deploy.0 = Debug|x86
		{1E6BADF8-FA39-47FD-852B-D73B66953462}.Release|Any CPU.ActiveCfg = Release|x86
		{1E6BADF8-FA39-47FD-852B-D73B66953462}.Release|ARM.ActiveCfg = Release|ARM
		{1E6BADF8-FA39-47FD-852B-D73B66953462}.Release|ARM.Build.0 = Release|ARM
		{1E6BADF8-FA39-47FD-852B-D73B66953462}.Release|ARM.Deploy.0 = Release|ARM
		{1E6BADF8-FA39-47FD-852B-D73B66953462}.Release|iPhone.ActiveCfg = Release|x86
		{1E6BADF8-FA39-47FD-852B-D73B66953462}.Release|iPhoneSimulator.ActiveCfg = Release|x86
		{1E6BADF8-FA39-47FD-852B-D73B66953462}.Release|x64.ActiveCfg = Release|x64
		{1E6BADF8-FA39-47FD-852B-D73B66953462}.Release|x64.Build.0 = Release|x64
		{1E6BADF8-FA39-47FD-852B-D73B66953462}.Release|x64.Deploy.0 = Release|x64
		{1E6BADF8-FA39-47FD-852B-D73B66953462}.Release|x86.ActiveCfg = Release|x86
		{1E6BADF8-FA39-47FD-852B-D73B66953462}.Release|x86.Build.0 = Release|x86
		{1E6BADF8-FA39-47FD-852B-D73B66953462}.Release|x86.Deploy.0 = Release|x86
		{F8C632ED-4A72-44B4-9C5A-FC0514F90F3E}.Ad-Hoc|Any CPU.ActiveCfg = Ad-Hoc|iPhone
		{F8C632ED-4A72-44B4-9C5A-FC0514F90F3E}.Ad-Hoc|ARM.ActiveCfg = Ad-Hoc|iPhone
		{F8C632ED-4A72-44B4-9C5A-FC0514F90F3E}.Ad-Hoc|iPhone.ActiveCfg = Ad-Hoc|iPhone
		{F8C632ED-4A72-44B4-9C5A-FC0514F90F3E}.Ad-Hoc|iPhone.Build.0 = Ad-Hoc|iPhone
		{F8C632ED-4A72-44B4-9C5A-FC0514F90F3E}.Ad-Hoc|iPhoneSimulator.ActiveCfg = Ad-Hoc|iPhoneSimulator
		{F8C632ED-4A72-44B4-9C5A-FC0514F90F3E}.Ad-Hoc|iPhoneSimulator.Build.0 = Ad-Hoc|iPhoneSimulator
		{F8C632ED-4A72-44B4-9C5A-FC0514F90F3E}.Ad-Hoc|x64.ActiveCfg = Ad-Hoc|iPhone
		{F8C632ED-4A72-44B4-9C5A-FC0514F90F3E}.Ad-Hoc|x86.ActiveCfg = Ad-Hoc|iPhone
		{F8C632ED-4A72-44B4-9C5A-FC0514F90F3E}.AppStore|Any CPU.ActiveCfg = AppStore|iPhone
		{F8C632ED-4A72-44B4-9C5A-FC0514F90F3E}.AppStore|ARM.ActiveCfg = AppStore|iPhone
		{F8C632ED-4A72-44B4-9C5A-FC0514F90F3E}.AppStore|iPhone.ActiveCfg = AppStore|iPhone
		{F8C632ED-4A72-44B4-9C5A-FC0514F90F3E}.AppStore|iPhone.Build.0 = AppStore|iPhone
		{F8C632ED-4A72-44B4-9C5A-FC0514F90F3E}.AppStore|iPhoneSimulator.ActiveCfg = AppStore|iPhoneSimulator
		{F8C632ED-4A72-44B4-9C5A-FC0514F90F3E}.AppStore|iPhoneSimulator.Build.0 = AppStore|iPhoneSimulator
		{F8C632ED-4A72-44B4-9C5A-FC0514F90F3E}.AppStore|x64.ActiveCfg = AppStore|iPhone
		{F8C632ED-4A72-44B4-9C5A-FC0514F90F3E}.AppStore|x86.ActiveCfg = AppStore|iPhone
		{F8C632ED-4A72-44B4-9C5A-FC0514F90F3E}.Debug|Any CPU.ActiveCfg = Debug|iPhone
		{F8C632ED-4A72-44B4-9C5A-FC0514F90F3E}.Debug|ARM.ActiveCfg = Debug|iPhone
		{F8C632ED-4A72-44B4-9C5A-FC0514F90F3E}.Debug|iPhone.ActiveCfg = Debug|iPhone
		{F8C632ED-4A72-44B4-9C5A-FC0514F90F3E}.Debug|iPhone.Build.0 = Debug|iPhone
		{F8C632ED-4A72-44B4-9C5A-FC0514F90F3E}.Debug|iPhoneSimulator.ActiveCfg = Debug|iPhoneSimulator
		{F8C632ED-4A72-44B4-9C5A-FC0514F90F3E}.Debug|iPhoneSimulator.Build.0 = Debug|iPhoneSimulator
		{F8C632ED-4A72-44B4-9C5A-FC0514F90F3E}.Debug|x64.ActiveCfg = Debug|iPhone
		{F8C632ED-4A72-44B4-9C5A-FC0514F90F3E}.Debug|x86.ActiveCfg = Debug|iPhone
		{F8C632ED-4A72-44B4-9C5A-FC0514F90F3E}.Release|Any CPU.ActiveCfg = Release|iPhone
		{F8C632ED-4A72-44B4-9C5A-FC0514F90F3E}.Release|ARM.ActiveCfg = Release|iPhone
		{F8C632ED-4A72-44B4-9C5A-FC0514F90F3E}.Release|iPhone.ActiveCfg = Release|iPhone
		{F8C632ED-4A72-44B4-9C5A-FC0514F90F3E}.Release|iPhone.Build.0 = Release|iPhone
		{F8C632ED-4A72-44B4-9C5A-FC0514F90F3E}.Release|iPhoneSimulator.ActiveCfg = Release|iPhoneSimulator
		{F8C632ED-4A72-44B4-9C5A-FC0514F90F3E}.Release|iPhoneSimulator.Build.0 = Release|iPhoneSimulator
		{F8C632ED-4A72-44B4-9C5A-FC0514F90F3E}.Release|x64.ActiveCfg = Release|iPhone
		{F8C632ED-4A72-44B4-9C5A-FC0514F90F3E}.Release|x86.ActiveCfg = Release|iPhone
	EndGlobalSection
	GlobalSection(SolutionProperties) = preSolution
		HideSolutionNode = FALSE
	EndGlobalSection
	GlobalSection(NestedProjects) = preSolution
		{167D9AD1-A8BA-4BAE-8F30-FC67DB315795} = {8CB78AA4-FE23-42D6-A812-28010AE7CDE2}
		{FDCDEA7E-2A38-47E0-BC24-2C24EFC2A185} = {8CB78AA4-FE23-42D6-A812-28010AE7CDE2}
		{1E6BADF8-FA39-47FD-852B-D73B66953462} = {8CB78AA4-FE23-42D6-A812-28010AE7CDE2}
		{F8C632ED-4A72-44B4-9C5A-FC0514F90F3E} = {8CB78AA4-FE23-42D6-A812-28010AE7CDE2}
	EndGlobalSection
EndGlobal
